
Microsoft Visual Studio Solution File, Format Version 12.00
# Visual Studio Version 17
VisualStudioVersion = 17.7.34031.279
MinimumVisualStudioVersion = 10.0.40219.1
Project("{FAE04EC0-301F-11D3-BF4B-00C04F79EFBC}") = "NumberOfEmployeesWhoMetTarget", "NumberOfEmployeesWhoMetTarget.csproj", "{15535840-72D1-4B99-B078-269C7654C777}"
EndProject
Global
	GlobalSection(SolutionConfigurationPlatforms) = preSolution
		Debug|Any CPU = Debug|Any CPU
		Release|Any CPU = Release|Any CPU
	EndGlobalSection
	GlobalSection(ProjectConfigurationPlatforms) = postSolution
		{15535840-72D1-4B99-B078-269C7654C777}.Debug|Any CPU.ActiveCfg = Debug|Any CPU
		{15535840-72D1-4B99-B078-269C7654C777}.Debug|Any CPU.Build.0 = Debug|Any CPU
		{15535840-72D1-4B99-B078-269C7654C777}.Release|Any CPU.ActiveCfg = Release|Any CPU
		{15535840-72D1-4B99-B078-269C7654C777}.Release|Any CPU.Build.0 = Release|Any CPU
	EndGlobalSection
	GlobalSection(SolutionProperties) = preSolution
		HideSolutionNode = FALSE
	EndGlobalSection
	GlobalSection(ExtensibilityGlobals) = postSolution
		SolutionGuid = {5992325B-5A48-4DEB-A7B1-9F2CF00C0EC8}
	EndGlobalSection
EndGlobal
