
Microsoft Visual Studio Solution File, Format Version 12.00
# Visual Studio Version 17
VisualStudioVersion = 17.7.34031.279
MinimumVisualStudioVersion = 10.0.40219.1
Project("{FAE04EC0-301F-11D3-BF4B-00C04F79EFBC}") = "FindTheHighestAltitude", "FindTheHighestAltitude.csproj", "{34A51E05-E460-4A87-8772-ACD8A4B97A9E}"
EndProject
Global
	GlobalSection(SolutionConfigurationPlatforms) = preSolution
		Debug|Any CPU = Debug|Any CPU
		Release|Any CPU = Release|Any CPU
	EndGlobalSection
	GlobalSection(ProjectConfigurationPlatforms) = postSolution
		{34A51E05-E460-4A87-8772-ACD8A4B97A9E}.Debug|Any CPU.ActiveCfg = Debug|Any CPU
		{34A51E05-E460-4A87-8772-ACD8A4B97A9E}.Debug|Any CPU.Build.0 = Debug|Any CPU
		{34A51E05-E460-4A87-8772-ACD8A4B97A9E}.Release|Any CPU.ActiveCfg = Release|Any CPU
		{34A51E05-E460-4A87-8772-ACD8A4B97A9E}.Release|Any CPU.Build.0 = Release|Any CPU
	EndGlobalSection
	GlobalSection(SolutionProperties) = preSolution
		HideSolutionNode = FALSE
	EndGlobalSection
	GlobalSection(ExtensibilityGlobals) = postSolution
		SolutionGuid = {870D6955-F062-402A-B58C-A43176660269}
	EndGlobalSection
EndGlobal
