
Microsoft Visual Studio Solution File, Format Version 12.00
# Visual Studio Version 17
VisualStudioVersion = 17.7.34031.279
MinimumVisualStudioVersion = 10.0.40219.1
Project("{FAE04EC0-301F-11D3-BF4B-00C04F79EFBC}") = "RichestCustomerWealth", "RichestCustomerWealth.csproj", "{FE4D971E-7C60-4878-B7B1-63931FE4F7EF}"
EndProject
Global
	GlobalSection(SolutionConfigurationPlatforms) = preSolution
		Debug|Any CPU = Debug|Any CPU
		Release|Any CPU = Release|Any CPU
	EndGlobalSection
	GlobalSection(ProjectConfigurationPlatforms) = postSolution
		{FE4D971E-7C60-4878-B7B1-63931FE4F7EF}.Debug|Any CPU.ActiveCfg = Debug|Any CPU
		{FE4D971E-7C60-4878-B7B1-63931FE4F7EF}.Debug|Any CPU.Build.0 = Debug|Any CPU
		{FE4D971E-7C60-4878-B7B1-63931FE4F7EF}.Release|Any CPU.ActiveCfg = Release|Any CPU
		{FE4D971E-7C60-4878-B7B1-63931FE4F7EF}.Release|Any CPU.Build.0 = Release|Any CPU
	EndGlobalSection
	GlobalSection(SolutionProperties) = preSolution
		HideSolutionNode = FALSE
	EndGlobalSection
	GlobalSection(ExtensibilityGlobals) = postSolution
		SolutionGuid = {B6A42DF2-4518-4E19-9BCE-C20BEE603063}
	EndGlobalSection
EndGlobal
