
Microsoft Visual Studio Solution File, Format Version 12.00
# Visual Studio Version 17
VisualStudioVersion = 17.7.34031.279
MinimumVisualStudioVersion = 10.0.40219.1
Project("{FAE04EC0-301F-11D3-BF4B-00C04F79EFBC}") = "ConvertTheTemperature", "ConvertTheTemperature.csproj", "{B18ED3CC-F36B-438F-A5BD-C759428527CA}"
EndProject
Global
	GlobalSection(SolutionConfigurationPlatforms) = preSolution
		Debug|Any CPU = Debug|Any CPU
		Release|Any CPU = Release|Any CPU
	EndGlobalSection
	GlobalSection(ProjectConfigurationPlatforms) = postSolution
		{B18ED3CC-F36B-438F-A5BD-C759428527CA}.Debug|Any CPU.ActiveCfg = Debug|Any CPU
		{B18ED3CC-F36B-438F-A5BD-C759428527CA}.Debug|Any CPU.Build.0 = Debug|Any CPU
		{B18ED3CC-F36B-438F-A5BD-C759428527CA}.Release|Any CPU.ActiveCfg = Release|Any CPU
		{B18ED3CC-F36B-438F-A5BD-C759428527CA}.Release|Any CPU.Build.0 = Release|Any CPU
	EndGlobalSection
	GlobalSection(SolutionProperties) = preSolution
		HideSolutionNode = FALSE
	EndGlobalSection
	GlobalSection(ExtensibilityGlobals) = postSolution
		SolutionGuid = {ACF564E8-FBBD-4007-AC21-199B848E2460}
	EndGlobalSection
EndGlobal
