
Microsoft Visual Studio Solution File, Format Version 12.00
# Visual Studio Version 17
VisualStudioVersion = 17.7.34031.279
MinimumVisualStudioVersion = 10.0.40219.1
Project("{FAE04EC0-301F-11D3-BF4B-00C04F79EFBC}") = "RomanToInteger", "RomanToInteger.csproj", "{83CB2A55-B06D-46E1-B0C4-367DE7AD057B}"
EndProject
Global
	GlobalSection(SolutionConfigurationPlatforms) = preSolution
		Debug|Any CPU = Debug|Any CPU
		Release|Any CPU = Release|Any CPU
	EndGlobalSection
	GlobalSection(ProjectConfigurationPlatforms) = postSolution
		{83CB2A55-B06D-46E1-B0C4-367DE7AD057B}.Debug|Any CPU.ActiveCfg = Debug|Any CPU
		{83CB2A55-B06D-46E1-B0C4-367DE7AD057B}.Debug|Any CPU.Build.0 = Debug|Any CPU
		{83CB2A55-B06D-46E1-B0C4-367DE7AD057B}.Release|Any CPU.ActiveCfg = Release|Any CPU
		{83CB2A55-B06D-46E1-B0C4-367DE7AD057B}.Release|Any CPU.Build.0 = Release|Any CPU
	EndGlobalSection
	GlobalSection(SolutionProperties) = preSolution
		HideSolutionNode = FALSE
	EndGlobalSection
	GlobalSection(ExtensibilityGlobals) = postSolution
		SolutionGuid = {B7C02324-32E7-4254-8D5B-CD10B1AE2C85}
	EndGlobalSection
EndGlobal
