
Microsoft Visual Studio Solution File, Format Version 12.00
# Visual Studio Version 17
VisualStudioVersion = 17.7.34031.279
MinimumVisualStudioVersion = 10.0.40219.1
Project("{FAE04EC0-301F-11D3-BF4B-00C04F79EFBC}") = "RemoveElement", "RemoveElement.csproj", "{71C61F77-FC26-4040-87EE-24169B0E5861}"
EndProject
Global
	GlobalSection(SolutionConfigurationPlatforms) = preSolution
		Debug|Any CPU = Debug|Any CPU
		Release|Any CPU = Release|Any CPU
	EndGlobalSection
	GlobalSection(ProjectConfigurationPlatforms) = postSolution
		{71C61F77-FC26-4040-87EE-24169B0E5861}.Debug|Any CPU.ActiveCfg = Debug|Any CPU
		{71C61F77-FC26-4040-87EE-24169B0E5861}.Debug|Any CPU.Build.0 = Debug|Any CPU
		{71C61F77-FC26-4040-87EE-24169B0E5861}.Release|Any CPU.ActiveCfg = Release|Any CPU
		{71C61F77-FC26-4040-87EE-24169B0E5861}.Release|Any CPU.Build.0 = Release|Any CPU
	EndGlobalSection
	GlobalSection(SolutionProperties) = preSolution
		HideSolutionNode = FALSE
	EndGlobalSection
	GlobalSection(ExtensibilityGlobals) = postSolution
		SolutionGuid = {5E8716B1-596D-4E55-88C5-588A3C607A0A}
	EndGlobalSection
EndGlobal
