
Microsoft Visual Studio Solution File, Format Version 12.00
# Visual Studio Version 17
VisualStudioVersion = 17.7.34031.279
MinimumVisualStudioVersion = 10.0.40219.1
Project("{FAE04EC0-301F-11D3-BF4B-00C04F79EFBC}") = "SingleNumber", "SingleNumber.csproj", "{0D33DE92-C143-4ABC-8911-C3F1289D96CB}"
EndProject
Global
	GlobalSection(SolutionConfigurationPlatforms) = preSolution
		Debug|Any CPU = Debug|Any CPU
		Release|Any CPU = Release|Any CPU
	EndGlobalSection
	GlobalSection(ProjectConfigurationPlatforms) = postSolution
		{0D33DE92-C143-4ABC-8911-C3F1289D96CB}.Debug|Any CPU.ActiveCfg = Debug|Any CPU
		{0D33DE92-C143-4ABC-8911-C3F1289D96CB}.Debug|Any CPU.Build.0 = Debug|Any CPU
		{0D33DE92-C143-4ABC-8911-C3F1289D96CB}.Release|Any CPU.ActiveCfg = Release|Any CPU
		{0D33DE92-C143-4ABC-8911-C3F1289D96CB}.Release|Any CPU.Build.0 = Release|Any CPU
	EndGlobalSection
	GlobalSection(SolutionProperties) = preSolution
		HideSolutionNode = FALSE
	EndGlobalSection
	GlobalSection(ExtensibilityGlobals) = postSolution
		SolutionGuid = {B819FCE9-92EC-473E-A507-12F302031364}
	EndGlobalSection
EndGlobal
