
Microsoft Visual Studio Solution File, Format Version 12.00
# Visual Studio Version 17
VisualStudioVersion = 17.7.34031.279
MinimumVisualStudioVersion = 10.0.40219.1
Project("{FAE04EC0-301F-11D3-BF4B-00C04F79EFBC}") = "FizzBuzz", "FizzBuzz.csproj", "{BA53FF02-28D0-4463-9475-EB1E9E3F371B}"
EndProject
Global
	GlobalSection(SolutionConfigurationPlatforms) = preSolution
		Debug|Any CPU = Debug|Any CPU
		Release|Any CPU = Release|Any CPU
	EndGlobalSection
	GlobalSection(ProjectConfigurationPlatforms) = postSolution
		{BA53FF02-28D0-4463-9475-EB1E9E3F371B}.Debug|Any CPU.ActiveCfg = Debug|Any CPU
		{BA53FF02-28D0-4463-9475-EB1E9E3F371B}.Debug|Any CPU.Build.0 = Debug|Any CPU
		{BA53FF02-28D0-4463-9475-EB1E9E3F371B}.Release|Any CPU.ActiveCfg = Release|Any CPU
		{BA53FF02-28D0-4463-9475-EB1E9E3F371B}.Release|Any CPU.Build.0 = Release|Any CPU
	EndGlobalSection
	GlobalSection(SolutionProperties) = preSolution
		HideSolutionNode = FALSE
	EndGlobalSection
	GlobalSection(ExtensibilityGlobals) = postSolution
		SolutionGuid = {92E7B8EC-B1D8-4D76-A882-905AEA53D093}
	EndGlobalSection
EndGlobal
